
Microsoft Visual Studio Solution File, Format Version 12.00
# Visual Studio Version 16
VisualStudioVersion = 16.0.29306.81
MinimumVisualStudioVersion = 10.0.40219.1
Project("{FAE04EC0-301F-11D3-BF4B-00C04F79EFBC}") = "ConsoleApp3", "ConsoleApp3.csproj", "{DAEB2B55-E25B-4189-B7CE-3ECC23236E1F}"
EndProject
Global
	GlobalSection(SolutionConfigurationPlatforms) = preSolution
		Debug|Any CPU = Debug|Any CPU
		Release|Any CPU = Release|Any CPU
	EndGlobalSection
	GlobalSection(ProjectConfigurationPlatforms) = postSolution
		{DAEB2B55-E25B-4189-B7CE-3ECC23236E1F}.Debug|Any CPU.ActiveCfg = Debug|Any CPU
		{DAEB2B55-E25B-4189-B7CE-3ECC23236E1F}.Debug|Any CPU.Build.0 = Debug|Any CPU
		{DAEB2B55-E25B-4189-B7CE-3ECC23236E1F}.Release|Any CPU.ActiveCfg = Release|Any CPU
		{DAEB2B55-E25B-4189-B7CE-3ECC23236E1F}.Release|Any CPU.Build.0 = Release|Any CPU
	EndGlobalSection
	GlobalSection(SolutionProperties) = preSolution
		HideSolutionNode = FALSE
	EndGlobalSection
	GlobalSection(ExtensibilityGlobals) = postSolution
		SolutionGuid = {D5E3EDC7-11D0-4F2B-9F56-031AAE86533F}
	EndGlobalSection
EndGlobal
